
Microsoft Visual Studio Solution File, Format Version 12.00
# Visual Studio Version 17
VisualStudioVersion = 17.5.33530.505
MinimumVisualStudioVersion = 10.0.40219.1
Project("{FAE04EC0-301F-11D3-BF4B-00C04F79EFBC}") = "my-app.Server", "Server\my-app.Server.csproj", "{F2CFA2D1-A1A5-44BD-969F-142B1510C2FC}"
EndProject
Project("{FAE04EC0-301F-11D3-BF4B-00C04F79EFBC}") = "my-app.Client", "Client\my-app.Client.csproj", "{1675AA2A-D2FB-4758-B0CF-A8C52A46A876}"
EndProject
Project("{FAE04EC0-301F-11D3-BF4B-00C04F79EFBC}") = "my-app.Shared", "Shared\my-app.Shared.csproj", "{2B3B72F3-4773-4FB9-89AF-1599FBCADD46}"
EndProject
Global
	GlobalSection(SolutionConfigurationPlatforms) = preSolution
		Debug|Any CPU = Debug|Any CPU
		Release|Any CPU = Release|Any CPU
	EndGlobalSection
	GlobalSection(ProjectConfigurationPlatforms) = postSolution
		{F2CFA2D1-A1A5-44BD-969F-142B1510C2FC}.Debug|Any CPU.ActiveCfg = Debug|Any CPU
		{F2CFA2D1-A1A5-44BD-969F-142B1510C2FC}.Debug|Any CPU.Build.0 = Debug|Any CPU
		{F2CFA2D1-A1A5-44BD-969F-142B1510C2FC}.Release|Any CPU.ActiveCfg = Release|Any CPU
		{F2CFA2D1-A1A5-44BD-969F-142B1510C2FC}.Release|Any CPU.Build.0 = Release|Any CPU
		{1675AA2A-D2FB-4758-B0CF-A8C52A46A876}.Debug|Any CPU.ActiveCfg = Debug|Any CPU
		{1675AA2A-D2FB-4758-B0CF-A8C52A46A876}.Debug|Any CPU.Build.0 = Debug|Any CPU
		{1675AA2A-D2FB-4758-B0CF-A8C52A46A876}.Release|Any CPU.ActiveCfg = Release|Any CPU
		{1675AA2A-D2FB-4758-B0CF-A8C52A46A876}.Release|Any CPU.Build.0 = Release|Any CPU
		{2B3B72F3-4773-4FB9-89AF-1599FBCADD46}.Debug|Any CPU.ActiveCfg = Debug|Any CPU
		{2B3B72F3-4773-4FB9-89AF-1599FBCADD46}.Debug|Any CPU.Build.0 = Debug|Any CPU
		{2B3B72F3-4773-4FB9-89AF-1599FBCADD46}.Release|Any CPU.ActiveCfg = Release|Any CPU
		{2B3B72F3-4773-4FB9-89AF-1599FBCADD46}.Release|Any CPU.Build.0 = Release|Any CPU
	EndGlobalSection
	GlobalSection(SolutionProperties) = preSolution
		HideSolutionNode = FALSE
	EndGlobalSection
	GlobalSection(ExtensibilityGlobals) = postSolution
		SolutionGuid = {487581B1-1472-4611-BAFE-4FE788D9C892}
	EndGlobalSection
EndGlobal
